
Microsoft Visual Studio Solution File, Format Version 12.00
# Visual Studio Version 16
VisualStudioVersion = 16.0.30804.86
MinimumVisualStudioVersion = 10.0.40219.1
Project("{FAE04EC0-301F-11D3-BF4B-00C04F79EFBC}") = "CameronKeetch_Assignment3", "CameronKeetch_Assignment3.csproj", "{ADD8776C-A23B-4404-A394-F9557C65D0FD}"
EndProject
Global
	GlobalSection(SolutionConfigurationPlatforms) = preSolution
		Debug|Any CPU = Debug|Any CPU
		Release|Any CPU = Release|Any CPU
	EndGlobalSection
	GlobalSection(ProjectConfigurationPlatforms) = postSolution
		{ADD8776C-A23B-4404-A394-F9557C65D0FD}.Debug|Any CPU.ActiveCfg = Debug|Any CPU
		{ADD8776C-A23B-4404-A394-F9557C65D0FD}.Debug|Any CPU.Build.0 = Debug|Any CPU
		{ADD8776C-A23B-4404-A394-F9557C65D0FD}.Release|Any CPU.ActiveCfg = Release|Any CPU
		{ADD8776C-A23B-4404-A394-F9557C65D0FD}.Release|Any CPU.Build.0 = Release|Any CPU
	EndGlobalSection
	GlobalSection(SolutionProperties) = preSolution
		HideSolutionNode = FALSE
	EndGlobalSection
	GlobalSection(ExtensibilityGlobals) = postSolution
		SolutionGuid = {83CD1D70-AA77-43C8-9292-8309CCFE99B0}
	EndGlobalSection
EndGlobal
